{
  "requires": true,
  "lockfileVersion": 1,
  "dependencies": {
    "get-youtube-id": {
      "version": "0.1.3",
      "resolved": "https://registry.npmjs.org/get-youtube-id/-/get-youtube-id-0.1.3.tgz",
      "integrity": "sha1-63agU0y36dH8zl1LYaCCDTLWhV0="
    },
    "gitbook-plugin-sitemap-general": {
      "version": "0.1.1",
      "resolved": "https://registry.npmjs.org/gitbook-plugin-sitemap-general/-/gitbook-plugin-sitemap-general-0.1.1.tgz",
      "integrity": "sha1-n/Mu75D3tSdjkLsCbpqBrxAMLVU=",
      "requires": {
        "sitemap": "1.5.0"
      }
    },
    "gitbook-plugin-youtube": {
      "version": "1.1.0",
      "resolved": "https://registry.npmjs.org/gitbook-plugin-youtube/-/gitbook-plugin-youtube-1.1.0.tgz",
      "integrity": "sha1-zEBQPMiZjFqrFJ7EeI6g58hA7v4=",
      "requires": {
        "get-youtube-id": "0.1.3"
      }
    },
    "sitemap": {
      "version": "1.5.0",
      "resolved": "https://registry.npmjs.org/sitemap/-/sitemap-1.5.0.tgz",
      "integrity": "sha1-RbPoib96XbDvvyxMb8sVbKh+EgE=",
      "requires": {
        "underscore": "^1.7.0",
        "url-join": "^0.0.1"
      }
    },
    "underscore": {
      "version": "1.9.2",
      "resolved": "https://registry.npmjs.org/underscore/-/underscore-1.9.2.tgz",
      "integrity": "sha1-DI1vU21vN4pa8mSnL3vsUP63zy8="
    },
    "url-join": {
      "version": "0.0.1",
      "resolved": "https://registry.npmjs.org/url-join/-/url-join-0.0.1.tgz",
      "integrity": "sha1-HbSK1CLTQCRpqH99l73r/k+x48g="
    }
  }
}
